
Microsoft Visual Studio Solution File, Format Version 12.00
# Visual Studio Version 17
VisualStudioVersion = 17.4.33205.214
MinimumVisualStudioVersion = 10.0.40219.1
Project("{FAE04EC0-301F-11D3-BF4B-00C04F79EFBC}") = "CrudWithADO.NET", "CrudWithADO.NET\CrudWithADO.NET.csproj", "{9CD30DF4-AB6A-40D5-9CFD-79B4ECEB533E}"
EndProject
Global
	GlobalSection(SolutionConfigurationPlatforms) = preSolution
		Debug|Any CPU = Debug|Any CPU
		Release|Any CPU = Release|Any CPU
	EndGlobalSection
	GlobalSection(ProjectConfigurationPlatforms) = postSolution
		{9CD30DF4-AB6A-40D5-9CFD-79B4ECEB533E}.Debug|Any CPU.ActiveCfg = Debug|Any CPU
		{9CD30DF4-AB6A-40D5-9CFD-79B4ECEB533E}.Debug|Any CPU.Build.0 = Debug|Any CPU
		{9CD30DF4-AB6A-40D5-9CFD-79B4ECEB533E}.Release|Any CPU.ActiveCfg = Release|Any CPU
		{9CD30DF4-AB6A-40D5-9CFD-79B4ECEB533E}.Release|Any CPU.Build.0 = Release|Any CPU
	EndGlobalSection
	GlobalSection(SolutionProperties) = preSolution
		HideSolutionNode = FALSE
	EndGlobalSection
	GlobalSection(ExtensibilityGlobals) = postSolution
		SolutionGuid = {D258BE79-8311-46B2-B244-C35D23A942A5}
	EndGlobalSection
EndGlobal
